
Microsoft Visual Studio Solution File, Format Version 12.00
# Visual Studio Version 17
VisualStudioVersion = 17.0.31512.422
MinimumVisualStudioVersion = 10.0.40219.1
Project("{9A19103F-16F7-4668-BE54-9A1E7A4F7556}") = "BeekeeperBackend", "BeekeeperBackend\BeekeeperBackend.csproj", "{BABD41D2-1323-49E1-B7B6-9CF1A30540FE}"
EndProject
Global
	GlobalSection(SolutionConfigurationPlatforms) = preSolution
		Debug|Any CPU = Debug|Any CPU
		Debug|x64 = Debug|x64
		Debug|x86 = Debug|x86
		Release|Any CPU = Release|Any CPU
		Release|x64 = Release|x64
		Release|x86 = Release|x86
	EndGlobalSection
	GlobalSection(ProjectConfigurationPlatforms) = postSolution
		{BABD41D2-1323-49E1-B7B6-9CF1A30540FE}.Debug|Any CPU.ActiveCfg = Debug|Any CPU
		{BABD41D2-1323-49E1-B7B6-9CF1A30540FE}.Debug|Any CPU.Build.0 = Debug|Any CPU
		{BABD41D2-1323-49E1-B7B6-9CF1A30540FE}.Debug|x64.ActiveCfg = Debug|Any CPU
		{BABD41D2-1323-49E1-B7B6-9CF1A30540FE}.Debug|x64.Build.0 = Debug|Any CPU
		{BABD41D2-1323-49E1-B7B6-9CF1A30540FE}.Debug|x86.ActiveCfg = Debug|Any CPU
		{BABD41D2-1323-49E1-B7B6-9CF1A30540FE}.Debug|x86.Build.0 = Debug|Any CPU
		{BABD41D2-1323-49E1-B7B6-9CF1A30540FE}.Release|Any CPU.ActiveCfg = Release|Any CPU
		{BABD41D2-1323-49E1-B7B6-9CF1A30540FE}.Release|Any CPU.Build.0 = Release|Any CPU
		{BABD41D2-1323-49E1-B7B6-9CF1A30540FE}.Release|x64.ActiveCfg = Release|Any CPU
		{BABD41D2-1323-49E1-B7B6-9CF1A30540FE}.Release|x64.Build.0 = Release|Any CPU
		{BABD41D2-1323-49E1-B7B6-9CF1A30540FE}.Release|x86.ActiveCfg = Release|Any CPU
		{BABD41D2-1323-49E1-B7B6-9CF1A30540FE}.Release|x86.Build.0 = Release|Any CPU
	EndGlobalSection
	GlobalSection(SolutionProperties) = preSolution
		HideSolutionNode = FALSE
	EndGlobalSection
	GlobalSection(ExtensibilityGlobals) = postSolution
		SolutionGuid = {9A958018-9AD4-4E19-ACE4-C0B784269356}
	EndGlobalSection
EndGlobal
