
Microsoft Visual Studio Solution File, Format Version 12.00
# Visual Studio Version 17
VisualStudioVersion = 17.0.31512.422
MinimumVisualStudioVersion = 10.0.40219.1
Project("{FAE04EC0-301F-11D3-BF4B-00C04F79EFBC}") = "BeekeeperBackend", "BeekeeperBackend\BeekeeperBackend.csproj", "{B62C9C20-270C-4579-B0B0-9E0668A5C2C3}"
EndProject
Global
	GlobalSection(SolutionConfigurationPlatforms) = preSolution
		Debug|Any CPU = Debug|Any CPU
		Debug|x64 = Debug|x64
		Debug|x86 = Debug|x86
		Release|Any CPU = Release|Any CPU
		Release|x64 = Release|x64
		Release|x86 = Release|x86
	EndGlobalSection
	GlobalSection(ProjectConfigurationPlatforms) = postSolution
		{B62C9C20-270C-4579-B0B0-9E0668A5C2C3}.Debug|Any CPU.ActiveCfg = Debug|Any CPU
		{B62C9C20-270C-4579-B0B0-9E0668A5C2C3}.Debug|Any CPU.Build.0 = Debug|Any CPU
		{B62C9C20-270C-4579-B0B0-9E0668A5C2C3}.Debug|x64.ActiveCfg = Debug|Any CPU
		{B62C9C20-270C-4579-B0B0-9E0668A5C2C3}.Debug|x64.Build.0 = Debug|Any CPU
		{B62C9C20-270C-4579-B0B0-9E0668A5C2C3}.Debug|x86.ActiveCfg = Debug|Any CPU
		{B62C9C20-270C-4579-B0B0-9E0668A5C2C3}.Debug|x86.Build.0 = Debug|Any CPU
		{B62C9C20-270C-4579-B0B0-9E0668A5C2C3}.Release|Any CPU.ActiveCfg = Release|Any CPU
		{B62C9C20-270C-4579-B0B0-9E0668A5C2C3}.Release|Any CPU.Build.0 = Release|Any CPU
		{B62C9C20-270C-4579-B0B0-9E0668A5C2C3}.Release|x64.ActiveCfg = Release|Any CPU
		{B62C9C20-270C-4579-B0B0-9E0668A5C2C3}.Release|x64.Build.0 = Release|Any CPU
		{B62C9C20-270C-4579-B0B0-9E0668A5C2C3}.Release|x86.ActiveCfg = Release|Any CPU
		{B62C9C20-270C-4579-B0B0-9E0668A5C2C3}.Release|x86.Build.0 = Release|Any CPU
	EndGlobalSection
	GlobalSection(SolutionProperties) = preSolution
		HideSolutionNode = FALSE
	EndGlobalSection
	GlobalSection(ExtensibilityGlobals) = postSolution
		SolutionGuid = {9A958018-9AD4-4E19-ACE4-C0B784269356}
	EndGlobalSection
EndGlobal
